
Microsoft Visual Studio Solution File, Format Version 12.00
# Visual Studio 15
VisualStudioVersion = 15.0.27130.2020
MinimumVisualStudioVersion = 10.0.40219.1
Project("{FAE04EC0-301F-11D3-BF4B-00C04F79EFBC}") = "QuanLyQuanCafe", "QuanLyQuanCafe\QuanLyQuanCafe.csproj", "{8D09B774-6A7B-4386-BFA8-091EABEC4FF4}"
EndProject
Global
	GlobalSection(SolutionConfigurationPlatforms) = preSolution
		Debug|Any CPU = Debug|Any CPU
		Release|Any CPU = Release|Any CPU
	EndGlobalSection
	GlobalSection(ProjectConfigurationPlatforms) = postSolution
		{8D09B774-6A7B-4386-BFA8-091EABEC4FF4}.Debug|Any CPU.ActiveCfg = Debug|Any CPU
		{8D09B774-6A7B-4386-BFA8-091EABEC4FF4}.Debug|Any CPU.Build.0 = Debug|Any CPU
		{8D09B774-6A7B-4386-BFA8-091EABEC4FF4}.Release|Any CPU.ActiveCfg = Release|Any CPU
		{8D09B774-6A7B-4386-BFA8-091EABEC4FF4}.Release|Any CPU.Build.0 = Release|Any CPU
	EndGlobalSection
	GlobalSection(SolutionProperties) = preSolution
		HideSolutionNode = FALSE
	EndGlobalSection
	GlobalSection(ExtensibilityGlobals) = postSolution
		SolutionGuid = {A6E3C779-08FF-4D8B-9CBD-581656C44A92}
	EndGlobalSection
EndGlobal
